{
  "name": "faculty-management",
  "version": "1.0.0",
  "lockfileVersion": 3,
  "requires": true,
  "packages": {
    "": {
      "name": "faculty-management",
      "version": "1.0.0",
      "dependencies": {
        "mmsi-country-lookup": "^1.0.2"
      }
    },
    "node_modules/mmsi-country-lookup": {
      "version": "1.0.2",
      "resolved": "https://registry.npmjs.org/mmsi-country-lookup/-/mmsi-country-lookup-1.0.2.tgz",
      "integrity": "sha512-pn6wyHas6Gm5FxXgLX3nhjJit7nBS68CtW+d12K3OJPCkTPAygtH/MQ0U/3v7/ufIShlpMAL93QTDN1sYQXefw==",
      "license": "MIT License"
    }
  }
}
